// !$*UTF8*$!
{
	archiveVersion = 1;
	classes = {
	};
	objectVersion = 56;
	objects = {

/* Begin PBXBuildFile section */
		070E995E2C4CEC4F00A319C3 /* Quiz.swift in Sources */ = {isa = PBXBuildFile; fileRef = 070E995D2C4CEC4F00A319C3 /* Quiz.swift */; };
		070E99602C4CEC5A00A319C3 /* Memory.swift in Sources */ = {isa = PBXBuildFile; fileRef = 070E995F2C4CEC5A00A319C3 /* Memory.swift */; };
		070E99672C4CF49C00A319C3 /* MainView.swift in Sources */ = {isa = PBXBuildFile; fileRef = 070E99662C4CF49C00A319C3 /* MainView.swift */; };
		070E99692C4CF56900A319C3 /* MemoryView.swift in Sources */ = {isa = PBXBuildFile; fileRef = 070E99682C4CF56900A319C3 /* MemoryView.swift */; };
		075655462C4CD80100376467 /* bottariApp.swift in Sources */ = {isa = PBXBuildFile; fileRef = 075655452C4CD80100376467 /* bottariApp.swift */; };
		075655482C4CD80100376467 /* ContentView.swift in Sources */ = {isa = PBXBuildFile; fileRef = 075655472C4CD80100376467 /* ContentView.swift */; };
		0756554A2C4CD80300376467 /* Assets.xcassets in Resources */ = {isa = PBXBuildFile; fileRef = 075655492C4CD80300376467 /* Assets.xcassets */; };
		0756554E2C4CD80300376467 /* Preview Assets.xcassets in Resources */ = {isa = PBXBuildFile; fileRef = 0756554D2C4CD80300376467 /* Preview Assets.xcassets */; };
		07C002A22C4D791500BC266E /* APIService.swift in Sources */ = {isa = PBXBuildFile; fileRef = 07C002A12C4D791500BC266E /* APIService.swift */; };
		07C002A42C4D7A6100BC266E /* EndPoint.swift in Sources */ = {isa = PBXBuildFile; fileRef = 07C002A32C4D7A6100BC266E /* EndPoint.swift */; };
		07C002A62C4D8A6F00BC266E /* ThreadRepository.swift in Sources */ = {isa = PBXBuildFile; fileRef = 07C002A52C4D8A6F00BC266E /* ThreadRepository.swift */; };
		07C002A82C4D8ACA00BC266E /* ThreadResponse.swift in Sources */ = {isa = PBXBuildFile; fileRef = 07C002A72C4D8ACA00BC266E /* ThreadResponse.swift */; };
		07C002AA2C4D8AE300BC266E /* Message.swift in Sources */ = {isa = PBXBuildFile; fileRef = 07C002A92C4D8AE300BC266E /* Message.swift */; };
		07C002AC2C4D8AF300BC266E /* MessageBody.swift in Sources */ = {isa = PBXBuildFile; fileRef = 07C002AB2C4D8AF300BC266E /* MessageBody.swift */; };
		07C002AE2C4D8B4100BC266E /* ThreadRepositoryImpl.swift in Sources */ = {isa = PBXBuildFile; fileRef = 07C002AD2C4D8B4100BC266E /* ThreadRepositoryImpl.swift */; };
		07C002B02C4D8C6800BC266E /* CreateThreadUseCase.swift in Sources */ = {isa = PBXBuildFile; fileRef = 07C002AF2C4D8C6800BC266E /* CreateThreadUseCase.swift */; };
		07C002B22C4D8FE300BC266E /* DiarySheet.swift in Sources */ = {isa = PBXBuildFile; fileRef = 07C002B12C4D8FE300BC266E /* DiarySheet.swift */; };
		07C002B42C4D97F800BC266E /* DiarySheetViewModel.swift in Sources */ = {isa = PBXBuildFile; fileRef = 07C002B32C4D97F800BC266E /* DiarySheetViewModel.swift */; };
		07C002B72C4D9C9600BC266E /* DIContainer.swift in Sources */ = {isa = PBXBuildFile; fileRef = 07C002B62C4D9C9600BC266E /* DIContainer.swift */; };
		07C002B92C4DA2CD00BC266E /* MessageRepository.swift in Sources */ = {isa = PBXBuildFile; fileRef = 07C002B82C4DA2CD00BC266E /* MessageRepository.swift */; };
		07C002BB2C4DA47200BC266E /* CreateMessageResponse.swift in Sources */ = {isa = PBXBuildFile; fileRef = 07C002BA2C4DA47200BC266E /* CreateMessageResponse.swift */; };
		07C002BD2C4DA52400BC266E /* MessageRepositoryImpl.swift in Sources */ = {isa = PBXBuildFile; fileRef = 07C002BC2C4DA52400BC266E /* MessageRepositoryImpl.swift */; };
		07C002BF2C4DA8B500BC266E /* CreateMessageUseCase.swift in Sources */ = {isa = PBXBuildFile; fileRef = 07C002BE2C4DA8B500BC266E /* CreateMessageUseCase.swift */; };
		07C002C12C4DAD7900BC266E /* RunRepository.swift in Sources */ = {isa = PBXBuildFile; fileRef = 07C002C02C4DAD7900BC266E /* RunRepository.swift */; };
		07C002C32C4DB02700BC266E /* RunResponse.swift in Sources */ = {isa = PBXBuildFile; fileRef = 07C002C22C4DB02700BC266E /* RunResponse.swift */; };
		07C002C62C4DB0D500BC266E /* RunRequest.swift in Sources */ = {isa = PBXBuildFile; fileRef = 07C002C52C4DB0D500BC266E /* RunRequest.swift */; };
		07C002CA2C4DB1CD00BC266E /* RunRepositoryImpl.swift in Sources */ = {isa = PBXBuildFile; fileRef = 07C002C92C4DB1CD00BC266E /* RunRepositoryImpl.swift */; };
		07C002CC2C4DB26F00BC266E /* CreateRunUseCase.swift in Sources */ = {isa = PBXBuildFile; fileRef = 07C002CB2C4DB26F00BC266E /* CreateRunUseCase.swift */; };
		07C002CF2C4DB50F00BC266E /* RunStepResponse.swift in Sources */ = {isa = PBXBuildFile; fileRef = 07C002CE2C4DB50F00BC266E /* RunStepResponse.swift */; };
		07C002D12C4DB56F00BC266E /* RunStepRepository.swift in Sources */ = {isa = PBXBuildFile; fileRef = 07C002D02C4DB56F00BC266E /* RunStepRepository.swift */; };
		07C002D42C4DB5D700BC266E /* RunStepRepositoryImpl.swift in Sources */ = {isa = PBXBuildFile; fileRef = 07C002D32C4DB5D700BC266E /* RunStepRepositoryImpl.swift */; };
		07C002D62C4DB71A00BC266E /* ListRunStepUseCase.swift in Sources */ = {isa = PBXBuildFile; fileRef = 07C002D52C4DB71A00BC266E /* ListRunStepUseCase.swift */; };
		07C002D82C4DBB1300BC266E /* RetrieveMessageResponse.swift in Sources */ = {isa = PBXBuildFile; fileRef = 07C002D72C4DBB1300BC266E /* RetrieveMessageResponse.swift */; };
		07C002DA2C4DBC0000BC266E /* RetrieveMessageUseCase.swift in Sources */ = {isa = PBXBuildFile; fileRef = 07C002D92C4DBC0000BC266E /* RetrieveMessageUseCase.swift */; };
/* End PBXBuildFile section */

/* Begin PBXFileReference section */
		070E995D2C4CEC4F00A319C3 /* Quiz.swift */ = {isa = PBXFileReference; lastKnownFileType = sourcecode.swift; path = Quiz.swift; sourceTree = "<group>"; };
		070E995F2C4CEC5A00A319C3 /* Memory.swift */ = {isa = PBXFileReference; lastKnownFileType = sourcecode.swift; path = Memory.swift; sourceTree = "<group>"; };
		070E99662C4CF49C00A319C3 /* MainView.swift */ = {isa = PBXFileReference; lastKnownFileType = sourcecode.swift; path = MainView.swift; sourceTree = "<group>"; };
		070E99682C4CF56900A319C3 /* MemoryView.swift */ = {isa = PBXFileReference; lastKnownFileType = sourcecode.swift; path = MemoryView.swift; sourceTree = "<group>"; };
		075655422C4CD80100376467 /* bottari.app */ = {isa = PBXFileReference; explicitFileType = wrapper.application; includeInIndex = 0; path = bottari.app; sourceTree = BUILT_PRODUCTS_DIR; };
		075655452C4CD80100376467 /* bottariApp.swift */ = {isa = PBXFileReference; lastKnownFileType = sourcecode.swift; path = bottariApp.swift; sourceTree = "<group>"; };
		075655472C4CD80100376467 /* ContentView.swift */ = {isa = PBXFileReference; lastKnownFileType = sourcecode.swift; path = ContentView.swift; sourceTree = "<group>"; };
		075655492C4CD80300376467 /* Assets.xcassets */ = {isa = PBXFileReference; lastKnownFileType = folder.assetcatalog; path = Assets.xcassets; sourceTree = "<group>"; };
		0756554B2C4CD80300376467 /* bottari.entitlements */ = {isa = PBXFileReference; lastKnownFileType = text.plist.entitlements; path = bottari.entitlements; sourceTree = "<group>"; };
		0756554D2C4CD80300376467 /* Preview Assets.xcassets */ = {isa = PBXFileReference; lastKnownFileType = folder.assetcatalog; path = "Preview Assets.xcassets"; sourceTree = "<group>"; };
		07C002A12C4D791500BC266E /* APIService.swift */ = {isa = PBXFileReference; lastKnownFileType = sourcecode.swift; path = APIService.swift; sourceTree = "<group>"; };
		07C002A32C4D7A6100BC266E /* EndPoint.swift */ = {isa = PBXFileReference; lastKnownFileType = sourcecode.swift; path = EndPoint.swift; sourceTree = "<group>"; };
		07C002A52C4D8A6F00BC266E /* ThreadRepository.swift */ = {isa = PBXFileReference; lastKnownFileType = sourcecode.swift; path = ThreadRepository.swift; sourceTree = "<group>"; };
		07C002A72C4D8ACA00BC266E /* ThreadResponse.swift */ = {isa = PBXFileReference; lastKnownFileType = sourcecode.swift; path = ThreadResponse.swift; sourceTree = "<group>"; };
		07C002A92C4D8AE300BC266E /* Message.swift */ = {isa = PBXFileReference; lastKnownFileType = sourcecode.swift; path = Message.swift; sourceTree = "<group>"; };
		07C002AB2C4D8AF300BC266E /* MessageBody.swift */ = {isa = PBXFileReference; lastKnownFileType = sourcecode.swift; path = MessageBody.swift; sourceTree = "<group>"; };
		07C002AD2C4D8B4100BC266E /* ThreadRepositoryImpl.swift */ = {isa = PBXFileReference; lastKnownFileType = sourcecode.swift; path = ThreadRepositoryImpl.swift; sourceTree = "<group>"; };
		07C002AF2C4D8C6800BC266E /* CreateThreadUseCase.swift */ = {isa = PBXFileReference; lastKnownFileType = sourcecode.swift; path = CreateThreadUseCase.swift; sourceTree = "<group>"; };
		07C002B12C4D8FE300BC266E /* DiarySheet.swift */ = {isa = PBXFileReference; lastKnownFileType = sourcecode.swift; path = DiarySheet.swift; sourceTree = "<group>"; };
		07C002B32C4D97F800BC266E /* DiarySheetViewModel.swift */ = {isa = PBXFileReference; lastKnownFileType = sourcecode.swift; path = DiarySheetViewModel.swift; sourceTree = "<group>"; };
		07C002B62C4D9C9600BC266E /* DIContainer.swift */ = {isa = PBXFileReference; lastKnownFileType = sourcecode.swift; path = DIContainer.swift; sourceTree = "<group>"; };
		07C002B82C4DA2CD00BC266E /* MessageRepository.swift */ = {isa = PBXFileReference; lastKnownFileType = sourcecode.swift; path = MessageRepository.swift; sourceTree = "<group>"; };
		07C002BA2C4DA47200BC266E /* CreateMessageResponse.swift */ = {isa = PBXFileReference; lastKnownFileType = sourcecode.swift; path = CreateMessageResponse.swift; sourceTree = "<group>"; };
		07C002BC2C4DA52400BC266E /* MessageRepositoryImpl.swift */ = {isa = PBXFileReference; lastKnownFileType = sourcecode.swift; path = MessageRepositoryImpl.swift; sourceTree = "<group>"; };
		07C002BE2C4DA8B500BC266E /* CreateMessageUseCase.swift */ = {isa = PBXFileReference; lastKnownFileType = sourcecode.swift; path = CreateMessageUseCase.swift; sourceTree = "<group>"; };
		07C002C02C4DAD7900BC266E /* RunRepository.swift */ = {isa = PBXFileReference; lastKnownFileType = sourcecode.swift; path = RunRepository.swift; sourceTree = "<group>"; };
		07C002C22C4DB02700BC266E /* RunResponse.swift */ = {isa = PBXFileReference; lastKnownFileType = sourcecode.swift; path = RunResponse.swift; sourceTree = "<group>"; };
		07C002C52C4DB0D500BC266E /* RunRequest.swift */ = {isa = PBXFileReference; lastKnownFileType = sourcecode.swift; path = RunRequest.swift; sourceTree = "<group>"; };
		07C002C92C4DB1CD00BC266E /* RunRepositoryImpl.swift */ = {isa = PBXFileReference; lastKnownFileType = sourcecode.swift; path = RunRepositoryImpl.swift; sourceTree = "<group>"; };
		07C002CB2C4DB26F00BC266E /* CreateRunUseCase.swift */ = {isa = PBXFileReference; lastKnownFileType = sourcecode.swift; path = CreateRunUseCase.swift; sourceTree = "<group>"; };
		07C002CE2C4DB50F00BC266E /* RunStepResponse.swift */ = {isa = PBXFileReference; lastKnownFileType = sourcecode.swift; path = RunStepResponse.swift; sourceTree = "<group>"; };
		07C002D02C4DB56F00BC266E /* RunStepRepository.swift */ = {isa = PBXFileReference; lastKnownFileType = sourcecode.swift; path = RunStepRepository.swift; sourceTree = "<group>"; };
		07C002D32C4DB5D700BC266E /* RunStepRepositoryImpl.swift */ = {isa = PBXFileReference; lastKnownFileType = sourcecode.swift; path = RunStepRepositoryImpl.swift; sourceTree = "<group>"; };
		07C002D52C4DB71A00BC266E /* ListRunStepUseCase.swift */ = {isa = PBXFileReference; lastKnownFileType = sourcecode.swift; path = ListRunStepUseCase.swift; sourceTree = "<group>"; };
		07C002D72C4DBB1300BC266E /* RetrieveMessageResponse.swift */ = {isa = PBXFileReference; lastKnownFileType = sourcecode.swift; path = RetrieveMessageResponse.swift; sourceTree = "<group>"; };
		07C002D92C4DBC0000BC266E /* RetrieveMessageUseCase.swift */ = {isa = PBXFileReference; lastKnownFileType = sourcecode.swift; path = RetrieveMessageUseCase.swift; sourceTree = "<group>"; };
		07C002DC2C4DC5B600BC266E /* Info.plist */ = {isa = PBXFileReference; lastKnownFileType = text.plist; path = Info.plist; sourceTree = "<group>"; };
/* End PBXFileReference section */

/* Begin PBXFrameworksBuildPhase section */
		0756553F2C4CD80100376467 /* Frameworks */ = {
			isa = PBXFrameworksBuildPhase;
			buildActionMask = 2147483647;
			files = (
			);
			runOnlyForDeploymentPostprocessing = 0;
		};
/* End PBXFrameworksBuildPhase section */

/* Begin PBXGroup section */
		070E995C2C4CEC4000A319C3 /* Entities */ = {
			isa = PBXGroup;
			children = (
				07C002CD2C4DB50400BC266E /* RunStep */,
				07C002C82C4DB0F500BC266E /* Thread */,
				07C002C72C4DB0D800BC266E /* Message */,
				07C002C42C4DB0CB00BC266E /* Run */,
				070E995D2C4CEC4F00A319C3 /* Quiz.swift */,
				070E995F2C4CEC5A00A319C3 /* Memory.swift */,
				07C002A92C4D8AE300BC266E /* Message.swift */,
				07C002AB2C4D8AF300BC266E /* MessageBody.swift */,
			);
			path = Entities;
			sourceTree = "<group>";
		};
		070E99642C4CF48800A319C3 /* Presentation */ = {
			isa = PBXGroup;
			children = (
				070E99702C4D0F6300A319C3 /* ViewModels */,
				070E99652C4CF49000A319C3 /* Views */,
			);
			path = Presentation;
			sourceTree = "<group>";
		};
		070E99652C4CF49000A319C3 /* Views */ = {
			isa = PBXGroup;
			children = (
				070E99662C4CF49C00A319C3 /* MainView.swift */,
				070E99682C4CF56900A319C3 /* MemoryView.swift */,
				075655472C4CD80100376467 /* ContentView.swift */,
				07C002B12C4D8FE300BC266E /* DiarySheet.swift */,
			);
			path = Views;
			sourceTree = "<group>";
		};
		070E996A2C4D0EF000A319C3 /* Domain */ = {
			isa = PBXGroup;
			children = (
				070E996E2C4D0F4600A319C3 /* Interfaces */,
				070E995C2C4CEC4000A319C3 /* Entities */,
				070E996D2C4D0F3800A319C3 /* UseCases */,
			);
			path = Domain;
			sourceTree = "<group>";
		};
		070E996B2C4D0EF700A319C3 /* Data */ = {
			isa = PBXGroup;
			children = (
				07C002A02C4D790800BC266E /* API */,
				070E99712C4D0F7500A319C3 /* Repositories */,
			);
			path = Data;
			sourceTree = "<group>";
		};
		070E996C2C4D0F1F00A319C3 /* Resources */ = {
			isa = PBXGroup;
			children = (
				075655492C4CD80300376467 /* Assets.xcassets */,
			);
			path = Resources;
			sourceTree = "<group>";
		};
		070E996D2C4D0F3800A319C3 /* UseCases */ = {
			isa = PBXGroup;
			children = (
				07C002AF2C4D8C6800BC266E /* CreateThreadUseCase.swift */,
				07C002BE2C4DA8B500BC266E /* CreateMessageUseCase.swift */,
				07C002CB2C4DB26F00BC266E /* CreateRunUseCase.swift */,
				07C002D52C4DB71A00BC266E /* ListRunStepUseCase.swift */,
				07C002D92C4DBC0000BC266E /* RetrieveMessageUseCase.swift */,
			);
			path = UseCases;
			sourceTree = "<group>";
		};
		070E996E2C4D0F4600A319C3 /* Interfaces */ = {
			isa = PBXGroup;
			children = (
				070E996F2C4D0F5600A319C3 /* Repositories */,
			);
			path = Interfaces;
			sourceTree = "<group>";
		};
		070E996F2C4D0F5600A319C3 /* Repositories */ = {
			isa = PBXGroup;
			children = (
				07C002A52C4D8A6F00BC266E /* ThreadRepository.swift */,
				07C002B82C4DA2CD00BC266E /* MessageRepository.swift */,
				07C002C02C4DAD7900BC266E /* RunRepository.swift */,
				07C002D02C4DB56F00BC266E /* RunStepRepository.swift */,
			);
			path = Repositories;
			sourceTree = "<group>";
		};
		070E99702C4D0F6300A319C3 /* ViewModels */ = {
			isa = PBXGroup;
			children = (
				07C002B32C4D97F800BC266E /* DiarySheetViewModel.swift */,
			);
			path = ViewModels;
			sourceTree = "<group>";
		};
		070E99712C4D0F7500A319C3 /* Repositories */ = {
			isa = PBXGroup;
			children = (
				07C002AD2C4D8B4100BC266E /* ThreadRepositoryImpl.swift */,
				07C002BC2C4DA52400BC266E /* MessageRepositoryImpl.swift */,
				07C002C92C4DB1CD00BC266E /* RunRepositoryImpl.swift */,
				07C002D32C4DB5D700BC266E /* RunStepRepositoryImpl.swift */,
			);
			path = Repositories;
			sourceTree = "<group>";
		};
		075655392C4CD80100376467 = {
			isa = PBXGroup;
			children = (
				075655442C4CD80100376467 /* bottari */,
				075655432C4CD80100376467 /* Products */,
			);
			sourceTree = "<group>";
		};
		075655432C4CD80100376467 /* Products */ = {
			isa = PBXGroup;
			children = (
				075655422C4CD80100376467 /* bottari.app */,
			);
			name = Products;
			sourceTree = "<group>";
		};
		075655442C4CD80100376467 /* bottari */ = {
			isa = PBXGroup;
			children = (
				07C002DC2C4DC5B600BC266E /* Info.plist */,
				07C002B52C4D9C8700BC266E /* Infrastructure */,
				070E996C2C4D0F1F00A319C3 /* Resources */,
				070E996B2C4D0EF700A319C3 /* Data */,
				070E996A2C4D0EF000A319C3 /* Domain */,
				070E99642C4CF48800A319C3 /* Presentation */,
				075655452C4CD80100376467 /* bottariApp.swift */,
				0756554B2C4CD80300376467 /* bottari.entitlements */,
				0756554C2C4CD80300376467 /* Preview Content */,
			);
			path = bottari;
			sourceTree = "<group>";
		};
		0756554C2C4CD80300376467 /* Preview Content */ = {
			isa = PBXGroup;
			children = (
				0756554D2C4CD80300376467 /* Preview Assets.xcassets */,
			);
			path = "Preview Content";
			sourceTree = "<group>";
		};
		07C002A02C4D790800BC266E /* API */ = {
			isa = PBXGroup;
			children = (
				07C002A12C4D791500BC266E /* APIService.swift */,
				07C002A32C4D7A6100BC266E /* EndPoint.swift */,
			);
			path = API;
			sourceTree = "<group>";
		};
		07C002B52C4D9C8700BC266E /* Infrastructure */ = {
			isa = PBXGroup;
			children = (
				07C002B62C4D9C9600BC266E /* DIContainer.swift */,
			);
			path = Infrastructure;
			sourceTree = "<group>";
		};
		07C002C42C4DB0CB00BC266E /* Run */ = {
			isa = PBXGroup;
			children = (
				07C002C22C4DB02700BC266E /* RunResponse.swift */,
				07C002C52C4DB0D500BC266E /* RunRequest.swift */,
			);
			path = Run;
			sourceTree = "<group>";
		};
		07C002C72C4DB0D800BC266E /* Message */ = {
			isa = PBXGroup;
			children = (
				07C002BA2C4DA47200BC266E /* CreateMessageResponse.swift */,
				07C002D72C4DBB1300BC266E /* RetrieveMessageResponse.swift */,
			);
			path = Message;
			sourceTree = "<group>";
		};
		07C002C82C4DB0F500BC266E /* Thread */ = {
			isa = PBXGroup;
			children = (
				07C002A72C4D8ACA00BC266E /* ThreadResponse.swift */,
			);
			path = Thread;
			sourceTree = "<group>";
		};
		07C002CD2C4DB50400BC266E /* RunStep */ = {
			isa = PBXGroup;
			children = (
				07C002CE2C4DB50F00BC266E /* RunStepResponse.swift */,
			);
			path = RunStep;
			sourceTree = "<group>";
		};
/* End PBXGroup section */

/* Begin PBXNativeTarget section */
		075655412C4CD80100376467 /* bottari */ = {
			isa = PBXNativeTarget;
			buildConfigurationList = 075655512C4CD80300376467 /* Build configuration list for PBXNativeTarget "bottari" */;
			buildPhases = (
				0756553E2C4CD80100376467 /* Sources */,
				0756553F2C4CD80100376467 /* Frameworks */,
				075655402C4CD80100376467 /* Resources */,
			);
			buildRules = (
			);
			dependencies = (
			);
			name = bottari;
			packageProductDependencies = (
			);
			productName = bottari;
			productReference = 075655422C4CD80100376467 /* bottari.app */;
			productType = "com.apple.product-type.application";
		};
/* End PBXNativeTarget section */

/* Begin PBXProject section */
		0756553A2C4CD80100376467 /* Project object */ = {
			isa = PBXProject;
			attributes = {
				BuildIndependentTargetsInParallel = 1;
				LastSwiftUpdateCheck = 1530;
				LastUpgradeCheck = 1530;
				TargetAttributes = {
					075655412C4CD80100376467 = {
						CreatedOnToolsVersion = 15.3;
					};
				};
			};
			buildConfigurationList = 0756553D2C4CD80100376467 /* Build configuration list for PBXProject "bottari" */;
			compatibilityVersion = "Xcode 14.0";
			developmentRegion = en;
			hasScannedForEncodings = 0;
			knownRegions = (
				en,
				Base,
			);
			mainGroup = 075655392C4CD80100376467;
			packageReferences = (
			);
			productRefGroup = 075655432C4CD80100376467 /* Products */;
			projectDirPath = "";
			projectRoot = "";
			targets = (
				075655412C4CD80100376467 /* bottari */,
			);
		};
/* End PBXProject section */

/* Begin PBXResourcesBuildPhase section */
		075655402C4CD80100376467 /* Resources */ = {
			isa = PBXResourcesBuildPhase;
			buildActionMask = 2147483647;
			files = (
				0756554E2C4CD80300376467 /* Preview Assets.xcassets in Resources */,
				0756554A2C4CD80300376467 /* Assets.xcassets in Resources */,
			);
			runOnlyForDeploymentPostprocessing = 0;
		};
/* End PBXResourcesBuildPhase section */

/* Begin PBXSourcesBuildPhase section */
		0756553E2C4CD80100376467 /* Sources */ = {
			isa = PBXSourcesBuildPhase;
			buildActionMask = 2147483647;
			files = (
				070E99692C4CF56900A319C3 /* MemoryView.swift in Sources */,
				07C002BD2C4DA52400BC266E /* MessageRepositoryImpl.swift in Sources */,
				07C002A22C4D791500BC266E /* APIService.swift in Sources */,
				07C002B42C4D97F800BC266E /* DiarySheetViewModel.swift in Sources */,
				07C002A42C4D7A6100BC266E /* EndPoint.swift in Sources */,
				07C002AC2C4D8AF300BC266E /* MessageBody.swift in Sources */,
				07C002B72C4D9C9600BC266E /* DIContainer.swift in Sources */,
				07C002CA2C4DB1CD00BC266E /* RunRepositoryImpl.swift in Sources */,
				07C002B22C4D8FE300BC266E /* DiarySheet.swift in Sources */,
				07C002AE2C4D8B4100BC266E /* ThreadRepositoryImpl.swift in Sources */,
				07C002A82C4D8ACA00BC266E /* ThreadResponse.swift in Sources */,
				07C002DA2C4DBC0000BC266E /* RetrieveMessageUseCase.swift in Sources */,
				070E99602C4CEC5A00A319C3 /* Memory.swift in Sources */,
				07C002A62C4D8A6F00BC266E /* ThreadRepository.swift in Sources */,
				07C002B92C4DA2CD00BC266E /* MessageRepository.swift in Sources */,
				07C002D82C4DBB1300BC266E /* RetrieveMessageResponse.swift in Sources */,
				07C002AA2C4D8AE300BC266E /* Message.swift in Sources */,
				07C002D12C4DB56F00BC266E /* RunStepRepository.swift in Sources */,
				07C002B02C4D8C6800BC266E /* CreateThreadUseCase.swift in Sources */,
				070E99672C4CF49C00A319C3 /* MainView.swift in Sources */,
				07C002BB2C4DA47200BC266E /* CreateMessageResponse.swift in Sources */,
				07C002C62C4DB0D500BC266E /* RunRequest.swift in Sources */,
				075655482C4CD80100376467 /* ContentView.swift in Sources */,
				07C002D42C4DB5D700BC266E /* RunStepRepositoryImpl.swift in Sources */,
				07C002BF2C4DA8B500BC266E /* CreateMessageUseCase.swift in Sources */,
				07C002C12C4DAD7900BC266E /* RunRepository.swift in Sources */,
				07C002C32C4DB02700BC266E /* RunResponse.swift in Sources */,
				07C002D62C4DB71A00BC266E /* ListRunStepUseCase.swift in Sources */,
				07C002CC2C4DB26F00BC266E /* CreateRunUseCase.swift in Sources */,
				07C002CF2C4DB50F00BC266E /* RunStepResponse.swift in Sources */,
				075655462C4CD80100376467 /* bottariApp.swift in Sources */,
				070E995E2C4CEC4F00A319C3 /* Quiz.swift in Sources */,
			);
			runOnlyForDeploymentPostprocessing = 0;
		};
/* End PBXSourcesBuildPhase section */

/* Begin XCBuildConfiguration section */
		0756554F2C4CD80300376467 /* Debug */ = {
			isa = XCBuildConfiguration;
			buildSettings = {
				ALWAYS_SEARCH_USER_PATHS = NO;
				ASSETCATALOG_COMPILER_GENERATE_SWIFT_ASSET_SYMBOL_EXTENSIONS = YES;
				CLANG_ANALYZER_NONNULL = YES;
				CLANG_ANALYZER_NUMBER_OBJECT_CONVERSION = YES_AGGRESSIVE;
				CLANG_CXX_LANGUAGE_STANDARD = "gnu++20";
				CLANG_ENABLE_MODULES = YES;
				CLANG_ENABLE_OBJC_ARC = YES;
				CLANG_ENABLE_OBJC_WEAK = YES;
				CLANG_WARN_BLOCK_CAPTURE_AUTORELEASING = YES;
				CLANG_WARN_BOOL_CONVERSION = YES;
				CLANG_WARN_COMMA = YES;
				CLANG_WARN_CONSTANT_CONVERSION = YES;
				CLANG_WARN_DEPRECATED_OBJC_IMPLEMENTATIONS = YES;
				CLANG_WARN_DIRECT_OBJC_ISA_USAGE = YES_ERROR;
				CLANG_WARN_DOCUMENTATION_COMMENTS = YES;
				CLANG_WARN_EMPTY_BODY = YES;
				CLANG_WARN_ENUM_CONVERSION = YES;
				CLANG_WARN_INFINITE_RECURSION = YES;
				CLANG_WARN_INT_CONVERSION = YES;
				CLANG_WARN_NON_LITERAL_NULL_CONVERSION = YES;
				CLANG_WARN_OBJC_IMPLICIT_RETAIN_SELF = YES;
				CLANG_WARN_OBJC_LITERAL_CONVERSION = YES;
				CLANG_WARN_OBJC_ROOT_CLASS = YES_ERROR;
				CLANG_WARN_QUOTED_INCLUDE_IN_FRAMEWORK_HEADER = YES;
				CLANG_WARN_RANGE_LOOP_ANALYSIS = YES;
				CLANG_WARN_STRICT_PROTOTYPES = YES;
				CLANG_WARN_SUSPICIOUS_MOVE = YES;
				CLANG_WARN_UNGUARDED_AVAILABILITY = YES_AGGRESSIVE;
				CLANG_WARN_UNREACHABLE_CODE = YES;
				CLANG_WARN__DUPLICATE_METHOD_MATCH = YES;
				COPY_PHASE_STRIP = NO;
				DEBUG_INFORMATION_FORMAT = dwarf;
				ENABLE_STRICT_OBJC_MSGSEND = YES;
				ENABLE_TESTABILITY = YES;
				ENABLE_USER_SCRIPT_SANDBOXING = YES;
				GCC_C_LANGUAGE_STANDARD = gnu17;
				GCC_DYNAMIC_NO_PIC = NO;
				GCC_NO_COMMON_BLOCKS = YES;
				GCC_OPTIMIZATION_LEVEL = 0;
				GCC_PREPROCESSOR_DEFINITIONS = (
					"DEBUG=1",
					"$(inherited)",
				);
				GCC_WARN_64_TO_32_BIT_CONVERSION = YES;
				GCC_WARN_ABOUT_RETURN_TYPE = YES_ERROR;
				GCC_WARN_UNDECLARED_SELECTOR = YES;
				GCC_WARN_UNINITIALIZED_AUTOS = YES_AGGRESSIVE;
				GCC_WARN_UNUSED_FUNCTION = YES;
				GCC_WARN_UNUSED_VARIABLE = YES;
				LOCALIZATION_PREFERS_STRING_CATALOGS = YES;
				MTL_ENABLE_DEBUG_INFO = INCLUDE_SOURCE;
				MTL_FAST_MATH = YES;
				ONLY_ACTIVE_ARCH = YES;
				SWIFT_ACTIVE_COMPILATION_CONDITIONS = "DEBUG $(inherited)";
				SWIFT_OPTIMIZATION_LEVEL = "-Onone";
			};
			name = Debug;
		};
		075655502C4CD80300376467 /* Release */ = {
			isa = XCBuildConfiguration;
			buildSettings = {
				ALWAYS_SEARCH_USER_PATHS = NO;
				ASSETCATALOG_COMPILER_GENERATE_SWIFT_ASSET_SYMBOL_EXTENSIONS = YES;
				CLANG_ANALYZER_NONNULL = YES;
				CLANG_ANALYZER_NUMBER_OBJECT_CONVERSION = YES_AGGRESSIVE;
				CLANG_CXX_LANGUAGE_STANDARD = "gnu++20";
				CLANG_ENABLE_MODULES = YES;
				CLANG_ENABLE_OBJC_ARC = YES;
				CLANG_ENABLE_OBJC_WEAK = YES;
				CLANG_WARN_BLOCK_CAPTURE_AUTORELEASING = YES;
				CLANG_WARN_BOOL_CONVERSION = YES;
				CLANG_WARN_COMMA = YES;
				CLANG_WARN_CONSTANT_CONVERSION = YES;
				CLANG_WARN_DEPRECATED_OBJC_IMPLEMENTATIONS = YES;
				CLANG_WARN_DIRECT_OBJC_ISA_USAGE = YES_ERROR;
				CLANG_WARN_DOCUMENTATION_COMMENTS = YES;
				CLANG_WARN_EMPTY_BODY = YES;
				CLANG_WARN_ENUM_CONVERSION = YES;
				CLANG_WARN_INFINITE_RECURSION = YES;
				CLANG_WARN_INT_CONVERSION = YES;
				CLANG_WARN_NON_LITERAL_NULL_CONVERSION = YES;
				CLANG_WARN_OBJC_IMPLICIT_RETAIN_SELF = YES;
				CLANG_WARN_OBJC_LITERAL_CONVERSION = YES;
				CLANG_WARN_OBJC_ROOT_CLASS = YES_ERROR;
				CLANG_WARN_QUOTED_INCLUDE_IN_FRAMEWORK_HEADER = YES;
				CLANG_WARN_RANGE_LOOP_ANALYSIS = YES;
				CLANG_WARN_STRICT_PROTOTYPES = YES;
				CLANG_WARN_SUSPICIOUS_MOVE = YES;
				CLANG_WARN_UNGUARDED_AVAILABILITY = YES_AGGRESSIVE;
				CLANG_WARN_UNREACHABLE_CODE = YES;
				CLANG_WARN__DUPLICATE_METHOD_MATCH = YES;
				COPY_PHASE_STRIP = NO;
				DEBUG_INFORMATION_FORMAT = "dwarf-with-dsym";
				ENABLE_NS_ASSERTIONS = NO;
				ENABLE_STRICT_OBJC_MSGSEND = YES;
				ENABLE_USER_SCRIPT_SANDBOXING = YES;
				GCC_C_LANGUAGE_STANDARD = gnu17;
				GCC_NO_COMMON_BLOCKS = YES;
				GCC_WARN_64_TO_32_BIT_CONVERSION = YES;
				GCC_WARN_ABOUT_RETURN_TYPE = YES_ERROR;
				GCC_WARN_UNDECLARED_SELECTOR = YES;
				GCC_WARN_UNINITIALIZED_AUTOS = YES_AGGRESSIVE;
				GCC_WARN_UNUSED_FUNCTION = YES;
				GCC_WARN_UNUSED_VARIABLE = YES;
				LOCALIZATION_PREFERS_STRING_CATALOGS = YES;
				MTL_ENABLE_DEBUG_INFO = NO;
				MTL_FAST_MATH = YES;
				SWIFT_COMPILATION_MODE = wholemodule;
			};
			name = Release;
		};
		075655522C4CD80300376467 /* Debug */ = {
			isa = XCBuildConfiguration;
			buildSettings = {
				ASSETCATALOG_COMPILER_APPICON_NAME = AppIcon;
				ASSETCATALOG_COMPILER_GLOBAL_ACCENT_COLOR_NAME = AccentColor;
				CODE_SIGN_ENTITLEMENTS = bottari/bottari.entitlements;
				CODE_SIGN_STYLE = Automatic;
				CURRENT_PROJECT_VERSION = 1;
				DEVELOPMENT_ASSET_PATHS = "\"bottari/Preview Content\"";
				DEVELOPMENT_TEAM = VGKCD7Q8NW;
				ENABLE_HARDENED_RUNTIME = YES;
				ENABLE_PREVIEWS = YES;
				GENERATE_INFOPLIST_FILE = YES;
				INFOPLIST_FILE = bottari/Info.plist;
				INFOPLIST_KEY_LSApplicationCategoryType = "";
				"INFOPLIST_KEY_UIApplicationSceneManifest_Generation[sdk=iphoneos*]" = YES;
				"INFOPLIST_KEY_UIApplicationSceneManifest_Generation[sdk=iphonesimulator*]" = YES;
				"INFOPLIST_KEY_UIApplicationSupportsIndirectInputEvents[sdk=iphoneos*]" = YES;
				"INFOPLIST_KEY_UIApplicationSupportsIndirectInputEvents[sdk=iphonesimulator*]" = YES;
				"INFOPLIST_KEY_UILaunchScreen_Generation[sdk=iphoneos*]" = YES;
				"INFOPLIST_KEY_UILaunchScreen_Generation[sdk=iphonesimulator*]" = YES;
				"INFOPLIST_KEY_UIStatusBarStyle[sdk=iphoneos*]" = UIStatusBarStyleDefault;
				"INFOPLIST_KEY_UIStatusBarStyle[sdk=iphonesimulator*]" = UIStatusBarStyleDefault;
				INFOPLIST_KEY_UISupportedInterfaceOrientations_iPad = "UIInterfaceOrientationPortrait UIInterfaceOrientationPortraitUpsideDown UIInterfaceOrientationLandscapeLeft UIInterfaceOrientationLandscapeRight";
				INFOPLIST_KEY_UISupportedInterfaceOrientations_iPhone = "UIInterfaceOrientationPortrait UIInterfaceOrientationLandscapeLeft UIInterfaceOrientationLandscapeRight";
				IPHONEOS_DEPLOYMENT_TARGET = 17.4;
				LD_RUNPATH_SEARCH_PATHS = "@executable_path/Frameworks";
				"LD_RUNPATH_SEARCH_PATHS[sdk=macosx*]" = "@executable_path/../Frameworks";
				MACOSX_DEPLOYMENT_TARGET = 14.1;
				MARKETING_VERSION = 1.0;
				PRODUCT_BUNDLE_IDENTIFIER = com.hamstar.bottari;
				PRODUCT_NAME = "$(TARGET_NAME)";
				SDKROOT = auto;
				SUPPORTED_PLATFORMS = "iphoneos iphonesimulator macosx";
				SWIFT_EMIT_LOC_STRINGS = YES;
				SWIFT_VERSION = 5.0;
				TARGETED_DEVICE_FAMILY = "1,2";
			};
			name = Debug;
		};
		075655532C4CD80300376467 /* Release */ = {
			isa = XCBuildConfiguration;
			buildSettings = {
				ASSETCATALOG_COMPILER_APPICON_NAME = AppIcon;
				ASSETCATALOG_COMPILER_GLOBAL_ACCENT_COLOR_NAME = AccentColor;
				CODE_SIGN_ENTITLEMENTS = bottari/bottari.entitlements;
				CODE_SIGN_STYLE = Automatic;
				CURRENT_PROJECT_VERSION = 1;
				DEVELOPMENT_ASSET_PATHS = "\"bottari/Preview Content\"";
				DEVELOPMENT_TEAM = VGKCD7Q8NW;
				ENABLE_HARDENED_RUNTIME = YES;
				ENABLE_PREVIEWS = YES;
				GENERATE_INFOPLIST_FILE = YES;
				INFOPLIST_FILE = bottari/Info.plist;
				INFOPLIST_KEY_LSApplicationCategoryType = "";
				"INFOPLIST_KEY_UIApplicationSceneManifest_Generation[sdk=iphoneos*]" = YES;
				"INFOPLIST_KEY_UIApplicationSceneManifest_Generation[sdk=iphonesimulator*]" = YES;
				"INFOPLIST_KEY_UIApplicationSupportsIndirectInputEvents[sdk=iphoneos*]" = YES;
				"INFOPLIST_KEY_UIApplicationSupportsIndirectInputEvents[sdk=iphonesimulator*]" = YES;
				"INFOPLIST_KEY_UILaunchScreen_Generation[sdk=iphoneos*]" = YES;
				"INFOPLIST_KEY_UILaunchScreen_Generation[sdk=iphonesimulator*]" = YES;
				"INFOPLIST_KEY_UIStatusBarStyle[sdk=iphoneos*]" = UIStatusBarStyleDefault;
				"INFOPLIST_KEY_UIStatusBarStyle[sdk=iphonesimulator*]" = UIStatusBarStyleDefault;
				INFOPLIST_KEY_UISupportedInterfaceOrientations_iPad = "UIInterfaceOrientationPortrait UIInterfaceOrientationPortraitUpsideDown UIInterfaceOrientationLandscapeLeft UIInterfaceOrientationLandscapeRight";
				INFOPLIST_KEY_UISupportedInterfaceOrientations_iPhone = "UIInterfaceOrientationPortrait UIInterfaceOrientationLandscapeLeft UIInterfaceOrientationLandscapeRight";
				IPHONEOS_DEPLOYMENT_TARGET = 17.4;
				LD_RUNPATH_SEARCH_PATHS = "@executable_path/Frameworks";
				"LD_RUNPATH_SEARCH_PATHS[sdk=macosx*]" = "@executable_path/../Frameworks";
				MACOSX_DEPLOYMENT_TARGET = 14.1;
				MARKETING_VERSION = 1.0;
				PRODUCT_BUNDLE_IDENTIFIER = com.hamstar.bottari;
				PRODUCT_NAME = "$(TARGET_NAME)";
				SDKROOT = auto;
				SUPPORTED_PLATFORMS = "iphoneos iphonesimulator macosx";
				SWIFT_EMIT_LOC_STRINGS = YES;
				SWIFT_VERSION = 5.0;
				TARGETED_DEVICE_FAMILY = "1,2";
			};
			name = Release;
		};
/* End XCBuildConfiguration section */

/* Begin XCConfigurationList section */
		0756553D2C4CD80100376467 /* Build configuration list for PBXProject "bottari" */ = {
			isa = XCConfigurationList;
			buildConfigurations = (
				0756554F2C4CD80300376467 /* Debug */,
				075655502C4CD80300376467 /* Release */,
			);
			defaultConfigurationIsVisible = 0;
			defaultConfigurationName = Release;
		};
		075655512C4CD80300376467 /* Build configuration list for PBXNativeTarget "bottari" */ = {
			isa = XCConfigurationList;
			buildConfigurations = (
				075655522C4CD80300376467 /* Debug */,
				075655532C4CD80300376467 /* Release */,
			);
			defaultConfigurationIsVisible = 0;
			defaultConfigurationName = Release;
		};
/* End XCConfigurationList section */
	};
	rootObject = 0756553A2C4CD80100376467 /* Project object */;
}
